github.com/Tnze/go-mc v1.20.1 h1:1Mwxyg2nvIVgRtebf6CpjMjvXLtRIng95so5hTEQtXA=
github.com/Tnze/go-mc v1.20.1/go.mod h1:c1znJQglgqa1Jjs3Dr29woN/msguiJrlNtWXhKedh2U=
github.com/google/uuid v1.3.0 h1:t6JiXgmwXMjEs8VusXIJk2BXHsn+wx8BZdTaoZ5fu7I=
github.com/google/uuid v1.3.0/go.mod h1:TIyPZe4MgqvfeYDBFedMoGGpEw/LqOeaOT+nhxU+yHo=
github.com/google/uuid v1.6.0 h1:NIvaJDMOsjHA8n1jAhLSgzrAzy1Hgr+hNrb57e+94F0=
github.com/google/uuid v1.6.0/go.mod h1:TIyPZe4MgqvfeYDBFedMoGGpEw/LqOeaOT+nhxU+yHo=
